
Microsoft Visual Studio Solution File, Format Version 12.00
# Visual Studio 2013
VisualStudioVersion = 12.0.40629.0
MinimumVisualStudioVersion = 10.0.40219.1
Project("{FAE04EC0-301F-11D3-BF4B-00C04F79EFBC}") = "01SimpleFactory", "01SimpleFactory\01SimpleFactory.csproj", "{3905AF7E-E5E4-4658-8476-54B6F81E75D0}"
EndProject
Project("{FAE04EC0-301F-11D3-BF4B-00C04F79EFBC}") = "02Strategy", "02Strategy\02Strategy.csproj", "{880EB27A-D94C-47A5-A3F5-4A3A6169BA4C}"
EndProject
Project("{FAE04EC0-301F-11D3-BF4B-00C04F79EFBC}") = "06Decorator", "06Decorator\06Decorator.csproj", "{AEB1A309-423A-4241-A4E1-98057CAB4EBF}"
EndProject
Project("{FAE04EC0-301F-11D3-BF4B-00C04F79EFBC}") = "07Proxy", "07Proxy\07Proxy.csproj", "{E96FF78B-D193-425B-9B43-C0431B2D6B2D}"
EndProject
Project("{FAE04EC0-301F-11D3-BF4B-00C04F79EFBC}") = "08Prototype", "08Prototype\08Prototype.csproj", "{DCE72FE9-2298-4885-BEBE-6FD328C71B83}"
EndProject
Project("{FAE04EC0-301F-11D3-BF4B-00C04F79EFBC}") = "09TemplateMethod", "09TemplateMethod\09TemplateMethod.csproj", "{771FD412-13A1-412B-97C7-34BDA26555DA}"
EndProject
Project("{FAE04EC0-301F-11D3-BF4B-00C04F79EFBC}") = "12Facade", "12Facade\12Facade.csproj", "{C4CE200E-9584-4129-A81B-D5E8C2E9A8A9}"
EndProject
Project("{FAE04EC0-301F-11D3-BF4B-00C04F79EFBC}") = "13Builder", "13Builder\13Builder.csproj", "{92918EAC-7601-473A-909F-0F41BA6C3485}"
EndProject
Project("{FAE04EC0-301F-11D3-BF4B-00C04F79EFBC}") = "14Observer", "14Observer\14Observer.csproj", "{B9FA6B0A-E6E0-4581-91C5-FE1603BCE0A9}"
EndProject
Project("{FAE04EC0-301F-11D3-BF4B-00C04F79EFBC}") = "15AbstractFactory", "15AbstractFactory\15AbstractFactory.csproj", "{79AB5F63-8718-492A-B188-D071DD89B33C}"
EndProject
Project("{FAE04EC0-301F-11D3-BF4B-00C04F79EFBC}") = "16State", "16State\16State.csproj", "{6200956B-D4DD-4A8D-8FDC-BA62D335FD3E}"
EndProject
Project("{FAE04EC0-301F-11D3-BF4B-00C04F79EFBC}") = "17Adapter", "17Adapter\17Adapter.csproj", "{2CA17CB7-134F-4A00-9EF4-8EE3103FC2EE}"
EndProject
Project("{FAE04EC0-301F-11D3-BF4B-00C04F79EFBC}") = "18Memento", "18Memento\18Memento.csproj", "{031D05B4-C687-4775-8CFA-64745A23498F}"
EndProject
Project("{FAE04EC0-301F-11D3-BF4B-00C04F79EFBC}") = "19Composite", "19Composite\19Composite.csproj", "{0B2D772D-DE4B-46CF-A617-EF990D91F9EE}"
EndProject
Project("{FAE04EC0-301F-11D3-BF4B-00C04F79EFBC}") = "20Iterator", "20Iterator\20Iterator.csproj", "{7DCFC503-9AD2-424C-AD48-199763E23787}"
EndProject
Project("{FAE04EC0-301F-11D3-BF4B-00C04F79EFBC}") = "21Singleton", "21Singleton\21Singleton.csproj", "{532C76C0-B12B-47B6-818C-77737FCF7BB9}"
EndProject
Project("{FAE04EC0-301F-11D3-BF4B-00C04F79EFBC}") = "22Bridge", "22Bridge\22Bridge.csproj", "{0D81E771-47A2-4AED-8314-EA0EECA0E6FA}"
EndProject
Project("{FAE04EC0-301F-11D3-BF4B-00C04F79EFBC}") = "23Command", "26Command\23Command.csproj", "{ECBF877F-D0F6-47F9-8699-2DC19330A3B8}"
EndProject
Project("{FAE04EC0-301F-11D3-BF4B-00C04F79EFBC}") = "24ChainOfResponsibility", "27ChainOfResponsibility\24ChainOfResponsibility.csproj", "{218EDA83-0048-4B5B-AA12-416EC6A263DC}"
EndProject
Project("{FAE04EC0-301F-11D3-BF4B-00C04F79EFBC}") = "25Mediator", "25Mediator\25Mediator.csproj", "{A0E0BC48-E1AA-450B-A325-780CFA588D99}"
EndProject
Project("{FAE04EC0-301F-11D3-BF4B-00C04F79EFBC}") = "26Flyweight", "26Flyweight\26Flyweight.csproj", "{064745EB-D074-4159-ACD0-8CEC2BAEEF58}"
EndProject
Project("{FAE04EC0-301F-11D3-BF4B-00C04F79EFBC}") = "27Interpreter", "27Interpreter\27Interpreter.csproj", "{107CEA3D-6877-4A2F-9A26-8499EFA5135F}"
EndProject
Project("{FAE04EC0-301F-11D3-BF4B-00C04F79EFBC}") = "28Visitor", "28Visitor\28Visitor.csproj", "{CD421EFB-630B-45B9-8F0C-BD7BFC5BC24D}"
EndProject
Global
	GlobalSection(SolutionConfigurationPlatforms) = preSolution
		Debug|Any CPU = Debug|Any CPU
		Release|Any CPU = Release|Any CPU
	EndGlobalSection
	GlobalSection(ProjectConfigurationPlatforms) = postSolution
		{3905AF7E-E5E4-4658-8476-54B6F81E75D0}.Debug|Any CPU.ActiveCfg = Debug|Any CPU
		{3905AF7E-E5E4-4658-8476-54B6F81E75D0}.Debug|Any CPU.Build.0 = Debug|Any CPU
		{3905AF7E-E5E4-4658-8476-54B6F81E75D0}.Release|Any CPU.ActiveCfg = Release|Any CPU
		{3905AF7E-E5E4-4658-8476-54B6F81E75D0}.Release|Any CPU.Build.0 = Release|Any CPU
		{880EB27A-D94C-47A5-A3F5-4A3A6169BA4C}.Debug|Any CPU.ActiveCfg = Debug|Any CPU
		{880EB27A-D94C-47A5-A3F5-4A3A6169BA4C}.Debug|Any CPU.Build.0 = Debug|Any CPU
		{880EB27A-D94C-47A5-A3F5-4A3A6169BA4C}.Release|Any CPU.ActiveCfg = Release|Any CPU
		{880EB27A-D94C-47A5-A3F5-4A3A6169BA4C}.Release|Any CPU.Build.0 = Release|Any CPU
		{AEB1A309-423A-4241-A4E1-98057CAB4EBF}.Debug|Any CPU.ActiveCfg = Debug|Any CPU
		{AEB1A309-423A-4241-A4E1-98057CAB4EBF}.Debug|Any CPU.Build.0 = Debug|Any CPU
		{AEB1A309-423A-4241-A4E1-98057CAB4EBF}.Release|Any CPU.ActiveCfg = Release|Any CPU
		{AEB1A309-423A-4241-A4E1-98057CAB4EBF}.Release|Any CPU.Build.0 = Release|Any CPU
		{E96FF78B-D193-425B-9B43-C0431B2D6B2D}.Debug|Any CPU.ActiveCfg = Debug|Any CPU
		{E96FF78B-D193-425B-9B43-C0431B2D6B2D}.Debug|Any CPU.Build.0 = Debug|Any CPU
		{E96FF78B-D193-425B-9B43-C0431B2D6B2D}.Release|Any CPU.ActiveCfg = Release|Any CPU
		{E96FF78B-D193-425B-9B43-C0431B2D6B2D}.Release|Any CPU.Build.0 = Release|Any CPU
		{DCE72FE9-2298-4885-BEBE-6FD328C71B83}.Debug|Any CPU.ActiveCfg = Debug|Any CPU
		{DCE72FE9-2298-4885-BEBE-6FD328C71B83}.Debug|Any CPU.Build.0 = Debug|Any CPU
		{DCE72FE9-2298-4885-BEBE-6FD328C71B83}.Release|Any CPU.ActiveCfg = Release|Any CPU
		{DCE72FE9-2298-4885-BEBE-6FD328C71B83}.Release|Any CPU.Build.0 = Release|Any CPU
		{771FD412-13A1-412B-97C7-34BDA26555DA}.Debug|Any CPU.ActiveCfg = Debug|Any CPU
		{771FD412-13A1-412B-97C7-34BDA26555DA}.Debug|Any CPU.Build.0 = Debug|Any CPU
		{771FD412-13A1-412B-97C7-34BDA26555DA}.Release|Any CPU.ActiveCfg = Release|Any CPU
		{771FD412-13A1-412B-97C7-34BDA26555DA}.Release|Any CPU.Build.0 = Release|Any CPU
		{C4CE200E-9584-4129-A81B-D5E8C2E9A8A9}.Debug|Any CPU.ActiveCfg = Debug|Any CPU
		{C4CE200E-9584-4129-A81B-D5E8C2E9A8A9}.Debug|Any CPU.Build.0 = Debug|Any CPU
		{C4CE200E-9584-4129-A81B-D5E8C2E9A8A9}.Release|Any CPU.ActiveCfg = Release|Any CPU
		{C4CE200E-9584-4129-A81B-D5E8C2E9A8A9}.Release|Any CPU.Build.0 = Release|Any CPU
		{92918EAC-7601-473A-909F-0F41BA6C3485}.Debug|Any CPU.ActiveCfg = Debug|Any CPU
		{92918EAC-7601-473A-909F-0F41BA6C3485}.Debug|Any CPU.Build.0 = Debug|Any CPU
		{92918EAC-7601-473A-909F-0F41BA6C3485}.Release|Any CPU.ActiveCfg = Release|Any CPU
		{92918EAC-7601-473A-909F-0F41BA6C3485}.Release|Any CPU.Build.0 = Release|Any CPU
		{B9FA6B0A-E6E0-4581-91C5-FE1603BCE0A9}.Debug|Any CPU.ActiveCfg = Debug|Any CPU
		{B9FA6B0A-E6E0-4581-91C5-FE1603BCE0A9}.Debug|Any CPU.Build.0 = Debug|Any CPU
		{B9FA6B0A-E6E0-4581-91C5-FE1603BCE0A9}.Release|Any CPU.ActiveCfg = Release|Any CPU
		{B9FA6B0A-E6E0-4581-91C5-FE1603BCE0A9}.Release|Any CPU.Build.0 = Release|Any CPU
		{79AB5F63-8718-492A-B188-D071DD89B33C}.Debug|Any CPU.ActiveCfg = Debug|Any CPU
		{79AB5F63-8718-492A-B188-D071DD89B33C}.Debug|Any CPU.Build.0 = Debug|Any CPU
		{79AB5F63-8718-492A-B188-D071DD89B33C}.Release|Any CPU.ActiveCfg = Release|Any CPU
		{79AB5F63-8718-492A-B188-D071DD89B33C}.Release|Any CPU.Build.0 = Release|Any CPU
		{6200956B-D4DD-4A8D-8FDC-BA62D335FD3E}.Debug|Any CPU.ActiveCfg = Debug|Any CPU
		{6200956B-D4DD-4A8D-8FDC-BA62D335FD3E}.Debug|Any CPU.Build.0 = Debug|Any CPU
		{6200956B-D4DD-4A8D-8FDC-BA62D335FD3E}.Release|Any CPU.ActiveCfg = Release|Any CPU
		{6200956B-D4DD-4A8D-8FDC-BA62D335FD3E}.Release|Any CPU.Build.0 = Release|Any CPU
		{2CA17CB7-134F-4A00-9EF4-8EE3103FC2EE}.Debug|Any CPU.ActiveCfg = Debug|Any CPU
		{2CA17CB7-134F-4A00-9EF4-8EE3103FC2EE}.Debug|Any CPU.Build.0 = Debug|Any CPU
		{2CA17CB7-134F-4A00-9EF4-8EE3103FC2EE}.Release|Any CPU.ActiveCfg = Release|Any CPU
		{2CA17CB7-134F-4A00-9EF4-8EE3103FC2EE}.Release|Any CPU.Build.0 = Release|Any CPU
		{031D05B4-C687-4775-8CFA-64745A23498F}.Debug|Any CPU.ActiveCfg = Debug|Any CPU
		{031D05B4-C687-4775-8CFA-64745A23498F}.Debug|Any CPU.Build.0 = Debug|Any CPU
		{031D05B4-C687-4775-8CFA-64745A23498F}.Release|Any CPU.ActiveCfg = Release|Any CPU
		{031D05B4-C687-4775-8CFA-64745A23498F}.Release|Any CPU.Build.0 = Release|Any CPU
		{0B2D772D-DE4B-46CF-A617-EF990D91F9EE}.Debug|Any CPU.ActiveCfg = Debug|Any CPU
		{0B2D772D-DE4B-46CF-A617-EF990D91F9EE}.Debug|Any CPU.Build.0 = Debug|Any CPU
		{0B2D772D-DE4B-46CF-A617-EF990D91F9EE}.Release|Any CPU.ActiveCfg = Release|Any CPU
		{0B2D772D-DE4B-46CF-A617-EF990D91F9EE}.Release|Any CPU.Build.0 = Release|Any CPU
		{7DCFC503-9AD2-424C-AD48-199763E23787}.Debug|Any CPU.ActiveCfg = Debug|Any CPU
		{7DCFC503-9AD2-424C-AD48-199763E23787}.Debug|Any CPU.Build.0 = Debug|Any CPU
		{7DCFC503-9AD2-424C-AD48-199763E23787}.Release|Any CPU.ActiveCfg = Release|Any CPU
		{7DCFC503-9AD2-424C-AD48-199763E23787}.Release|Any CPU.Build.0 = Release|Any CPU
		{532C76C0-B12B-47B6-818C-77737FCF7BB9}.Debug|Any CPU.ActiveCfg = Debug|Any CPU
		{532C76C0-B12B-47B6-818C-77737FCF7BB9}.Debug|Any CPU.Build.0 = Debug|Any CPU
		{532C76C0-B12B-47B6-818C-77737FCF7BB9}.Release|Any CPU.ActiveCfg = Release|Any CPU
		{532C76C0-B12B-47B6-818C-77737FCF7BB9}.Release|Any CPU.Build.0 = Release|Any CPU
		{0D81E771-47A2-4AED-8314-EA0EECA0E6FA}.Debug|Any CPU.ActiveCfg = Debug|Any CPU
		{0D81E771-47A2-4AED-8314-EA0EECA0E6FA}.Debug|Any CPU.Build.0 = Debug|Any CPU
		{0D81E771-47A2-4AED-8314-EA0EECA0E6FA}.Release|Any CPU.ActiveCfg = Release|Any CPU
		{0D81E771-47A2-4AED-8314-EA0EECA0E6FA}.Release|Any CPU.Build.0 = Release|Any CPU
		{ECBF877F-D0F6-47F9-8699-2DC19330A3B8}.Debug|Any CPU.ActiveCfg = Debug|Any CPU
		{ECBF877F-D0F6-47F9-8699-2DC19330A3B8}.Debug|Any CPU.Build.0 = Debug|Any CPU
		{ECBF877F-D0F6-47F9-8699-2DC19330A3B8}.Release|Any CPU.ActiveCfg = Release|Any CPU
		{ECBF877F-D0F6-47F9-8699-2DC19330A3B8}.Release|Any CPU.Build.0 = Release|Any CPU
		{218EDA83-0048-4B5B-AA12-416EC6A263DC}.Debug|Any CPU.ActiveCfg = Debug|Any CPU
		{218EDA83-0048-4B5B-AA12-416EC6A263DC}.Debug|Any CPU.Build.0 = Debug|Any CPU
		{218EDA83-0048-4B5B-AA12-416EC6A263DC}.Release|Any CPU.ActiveCfg = Release|Any CPU
		{218EDA83-0048-4B5B-AA12-416EC6A263DC}.Release|Any CPU.Build.0 = Release|Any CPU
		{A0E0BC48-E1AA-450B-A325-780CFA588D99}.Debug|Any CPU.ActiveCfg = Debug|Any CPU
		{A0E0BC48-E1AA-450B-A325-780CFA588D99}.Debug|Any CPU.Build.0 = Debug|Any CPU
		{A0E0BC48-E1AA-450B-A325-780CFA588D99}.Release|Any CPU.ActiveCfg = Release|Any CPU
		{A0E0BC48-E1AA-450B-A325-780CFA588D99}.Release|Any CPU.Build.0 = Release|Any CPU
		{064745EB-D074-4159-ACD0-8CEC2BAEEF58}.Debug|Any CPU.ActiveCfg = Debug|Any CPU
		{064745EB-D074-4159-ACD0-8CEC2BAEEF58}.Debug|Any CPU.Build.0 = Debug|Any CPU
		{064745EB-D074-4159-ACD0-8CEC2BAEEF58}.Release|Any CPU.ActiveCfg = Release|Any CPU
		{064745EB-D074-4159-ACD0-8CEC2BAEEF58}.Release|Any CPU.Build.0 = Release|Any CPU
		{107CEA3D-6877-4A2F-9A26-8499EFA5135F}.Debug|Any CPU.ActiveCfg = Debug|Any CPU
		{107CEA3D-6877-4A2F-9A26-8499EFA5135F}.Debug|Any CPU.Build.0 = Debug|Any CPU
		{107CEA3D-6877-4A2F-9A26-8499EFA5135F}.Release|Any CPU.ActiveCfg = Release|Any CPU
		{107CEA3D-6877-4A2F-9A26-8499EFA5135F}.Release|Any CPU.Build.0 = Release|Any CPU
		{CD421EFB-630B-45B9-8F0C-BD7BFC5BC24D}.Debug|Any CPU.ActiveCfg = Debug|Any CPU
		{CD421EFB-630B-45B9-8F0C-BD7BFC5BC24D}.Debug|Any CPU.Build.0 = Debug|Any CPU
		{CD421EFB-630B-45B9-8F0C-BD7BFC5BC24D}.Release|Any CPU.ActiveCfg = Release|Any CPU
		{CD421EFB-630B-45B9-8F0C-BD7BFC5BC24D}.Release|Any CPU.Build.0 = Release|Any CPU
	EndGlobalSection
	GlobalSection(SolutionProperties) = preSolution
		HideSolutionNode = FALSE
	EndGlobalSection
EndGlobal
